
Microsoft Visual Studio Solution File, Format Version 12.00
# Visual Studio Version 16
VisualStudioVersion = 16.0.30204.135
MinimumVisualStudioVersion = 10.0.40219.1
Project("{9A19103F-16F7-4668-BE54-9A1E7A4F7556}") = "FirstTask", "FirstTask\FirstTask.csproj", "{CFC8A88B-F0CE-419C-B620-C3C3803D3243}"
EndProject
Project("{9A19103F-16F7-4668-BE54-9A1E7A4F7556}") = "SecondTask", "SecondTask\SecondTask.csproj", "{1FA7E3BB-1F5B-46EA-920C-C172D192C51A}"
EndProject
Project("{9A19103F-16F7-4668-BE54-9A1E7A4F7556}") = "ThirdTask", "ThirdTask\ThirdTask.csproj", "{6EFDA4DB-B1F8-4F33-9E37-10DD09EB934B}"
EndProject
Project("{9A19103F-16F7-4668-BE54-9A1E7A4F7556}") = "FourthTask", "FourthTask\FourthTask.csproj", "{43298F1A-D029-4C8B-BE2E-89B10D8C372F}"
EndProject
Project("{9A19103F-16F7-4668-BE54-9A1E7A4F7556}") = "FifthTask", "FifthTask\FifthTask.csproj", "{9F134C4E-DD75-4B02-BEA4-B0F80DDADCE9}"
EndProject
Project("{9A19103F-16F7-4668-BE54-9A1E7A4F7556}") = "SixthTask", "SixthTask\SixthTask.csproj", "{0CA6A28E-CB3A-4AFE-A43C-BC6ADD9DBD45}"
EndProject
Project("{FAE04EC0-301F-11D3-BF4B-00C04F79EFBC}") = "GraphsTask", "GraphsTask\GraphsTask.csproj", "{757DC61D-FDCB-4AF0-9B2A-6B3F4C9C94A7}"
EndProject
Global
	GlobalSection(SolutionConfigurationPlatforms) = preSolution
		Debug|Any CPU = Debug|Any CPU
		Release|Any CPU = Release|Any CPU
	EndGlobalSection
	GlobalSection(ProjectConfigurationPlatforms) = postSolution
		{CFC8A88B-F0CE-419C-B620-C3C3803D3243}.Debug|Any CPU.ActiveCfg = Debug|Any CPU
		{CFC8A88B-F0CE-419C-B620-C3C3803D3243}.Debug|Any CPU.Build.0 = Debug|Any CPU
		{CFC8A88B-F0CE-419C-B620-C3C3803D3243}.Release|Any CPU.ActiveCfg = Release|Any CPU
		{CFC8A88B-F0CE-419C-B620-C3C3803D3243}.Release|Any CPU.Build.0 = Release|Any CPU
		{1FA7E3BB-1F5B-46EA-920C-C172D192C51A}.Debug|Any CPU.ActiveCfg = Debug|Any CPU
		{1FA7E3BB-1F5B-46EA-920C-C172D192C51A}.Debug|Any CPU.Build.0 = Debug|Any CPU
		{1FA7E3BB-1F5B-46EA-920C-C172D192C51A}.Release|Any CPU.ActiveCfg = Release|Any CPU
		{1FA7E3BB-1F5B-46EA-920C-C172D192C51A}.Release|Any CPU.Build.0 = Release|Any CPU
		{6EFDA4DB-B1F8-4F33-9E37-10DD09EB934B}.Debug|Any CPU.ActiveCfg = Debug|Any CPU
		{6EFDA4DB-B1F8-4F33-9E37-10DD09EB934B}.Debug|Any CPU.Build.0 = Debug|Any CPU
		{6EFDA4DB-B1F8-4F33-9E37-10DD09EB934B}.Release|Any CPU.ActiveCfg = Release|Any CPU
		{6EFDA4DB-B1F8-4F33-9E37-10DD09EB934B}.Release|Any CPU.Build.0 = Release|Any CPU
		{43298F1A-D029-4C8B-BE2E-89B10D8C372F}.Debug|Any CPU.ActiveCfg = Debug|Any CPU
		{43298F1A-D029-4C8B-BE2E-89B10D8C372F}.Debug|Any CPU.Build.0 = Debug|Any CPU
		{43298F1A-D029-4C8B-BE2E-89B10D8C372F}.Release|Any CPU.ActiveCfg = Release|Any CPU
		{43298F1A-D029-4C8B-BE2E-89B10D8C372F}.Release|Any CPU.Build.0 = Release|Any CPU
		{9F134C4E-DD75-4B02-BEA4-B0F80DDADCE9}.Debug|Any CPU.ActiveCfg = Debug|Any CPU
		{9F134C4E-DD75-4B02-BEA4-B0F80DDADCE9}.Debug|Any CPU.Build.0 = Debug|Any CPU
		{9F134C4E-DD75-4B02-BEA4-B0F80DDADCE9}.Release|Any CPU.ActiveCfg = Release|Any CPU
		{9F134C4E-DD75-4B02-BEA4-B0F80DDADCE9}.Release|Any CPU.Build.0 = Release|Any CPU
		{0CA6A28E-CB3A-4AFE-A43C-BC6ADD9DBD45}.Debug|Any CPU.ActiveCfg = Debug|Any CPU
		{0CA6A28E-CB3A-4AFE-A43C-BC6ADD9DBD45}.Debug|Any CPU.Build.0 = Debug|Any CPU
		{0CA6A28E-CB3A-4AFE-A43C-BC6ADD9DBD45}.Release|Any CPU.ActiveCfg = Release|Any CPU
		{0CA6A28E-CB3A-4AFE-A43C-BC6ADD9DBD45}.Release|Any CPU.Build.0 = Release|Any CPU
		{757DC61D-FDCB-4AF0-9B2A-6B3F4C9C94A7}.Debug|Any CPU.ActiveCfg = Debug|Any CPU
		{757DC61D-FDCB-4AF0-9B2A-6B3F4C9C94A7}.Debug|Any CPU.Build.0 = Debug|Any CPU
		{757DC61D-FDCB-4AF0-9B2A-6B3F4C9C94A7}.Release|Any CPU.ActiveCfg = Release|Any CPU
		{757DC61D-FDCB-4AF0-9B2A-6B3F4C9C94A7}.Release|Any CPU.Build.0 = Release|Any CPU
	EndGlobalSection
	GlobalSection(SolutionProperties) = preSolution
		HideSolutionNode = FALSE
	EndGlobalSection
	GlobalSection(ExtensibilityGlobals) = postSolution
		SolutionGuid = {BBEFA7BE-23F5-4685-A12B-15E12FB5C76D}
	EndGlobalSection
EndGlobal
